{
  "name": "Baixar_pdf_tiss_att_nodejs",
  "lockfileVersion": 2,
  "requires": true,
  "packages": {
    "": {
      "dependencies": {
        "download-pdf": "^0.1.6",
        "pdf2json": "^2.0.0",
        "readline-sync": "^1.4.10",
        "zlib": "^1.0.5"
      }
    },
    "node_modules/download-file": {
      "version": "0.1.5",
      "resolved": "https://registry.npmjs.org/download-file/-/download-file-0.1.5.tgz",
      "integrity": "sha1-ylC6ZNkJSwyHAu+f/5LSGJ4UERc=",
      "dependencies": {
        "mkdirp": "^0.5.0"
      }
    },
    "node_modules/download-pdf": {
      "version": "0.1.6",
      "resolved": "https://registry.npmjs.org/download-pdf/-/download-pdf-0.1.6.tgz",
      "integrity": "sha1-LWGsyNG6uRlVKDWZ4dHhE3nXeBw=",
      "dependencies": {
        "download-file": "^0.1.3",
        "mkdirp": "^0.5.0"
      }
    },
    "node_modules/minimist": {
      "version": "1.2.5",
      "resolved": "https://registry.npmjs.org/minimist/-/minimist-1.2.5.tgz",
      "integrity": "sha512-FM9nNUYrRBAELZQT3xeZQ7fmMOBg6nWNmJKTcgsJeaLstP/UODVpGsr5OhXhhXg6f+qtJ8uiZ+PUxkDWcgIXLw=="
    },
    "node_modules/mkdirp": {
      "version": "0.5.5",
      "resolved": "https://registry.npmjs.org/mkdirp/-/mkdirp-0.5.5.tgz",
      "integrity": "sha512-NKmAlESf6jMGym1++R0Ra7wvhV+wFW63FaSOFPwRahvea0gMUcGUhVeAg/0BC0wiv9ih5NYPB1Wn1UEI1/L+xQ==",
      "dependencies": {
        "minimist": "^1.2.5"
      },
      "bin": {
        "mkdirp": "bin/cmd.js"
      }
    },
    "node_modules/pdf2json": {
      "version": "2.0.0",
      "resolved": "https://registry.npmjs.org/pdf2json/-/pdf2json-2.0.0.tgz",
      "integrity": "sha512-+FZy7GSvLOLc+zksg0SoMvXqIqcku5lBlEPuYJJkhMWB2x6yfthzEhhSbZc20UheClMPagH/+NXnMRbvQMQR1w==",
      "bundleDependencies": [
        "@xmldom/xmldom"
      ],
      "dependencies": {
        "@xmldom/xmldom": "^0.7.5"
      },
      "bin": {
        "pdf2json": "bin/pdf2json"
      },
      "engines": {
        "node": ">=14.18.0",
        "npm": ">=6.14.15"
      }
    },
    "node_modules/pdf2json/node_modules/@xmldom/xmldom": {
      "version": "0.7.5",
      "inBundle": true,
      "license": "MIT",
      "engines": {
        "node": ">=10.0.0"
      }
    },
    "node_modules/readline-sync": {
      "version": "1.4.10",
      "resolved": "https://registry.npmjs.org/readline-sync/-/readline-sync-1.4.10.tgz",
      "integrity": "sha512-gNva8/6UAe8QYepIQH/jQ2qn91Qj0B9sYjMBBs3QOB8F2CXcKgLxQaJRP76sWVRQt+QU+8fAkCbCvjjMFu7Ycw==",
      "engines": {
        "node": ">= 0.8.0"
      }
    },
    "node_modules/zlib": {
      "version": "1.0.5",
      "resolved": "https://registry.npmjs.org/zlib/-/zlib-1.0.5.tgz",
      "integrity": "sha1-bnyXL8NxxkWmr7A6sUdp3vEU/MA=",
      "hasInstallScript": true,
      "engines": {
        "node": ">=0.2.0"
      }
    }
  },
  "dependencies": {
    "download-file": {
      "version": "0.1.5",
      "resolved": "https://registry.npmjs.org/download-file/-/download-file-0.1.5.tgz",
      "integrity": "sha1-ylC6ZNkJSwyHAu+f/5LSGJ4UERc=",
      "requires": {
        "mkdirp": "^0.5.0"
      }
    },
    "download-pdf": {
      "version": "0.1.6",
      "resolved": "https://registry.npmjs.org/download-pdf/-/download-pdf-0.1.6.tgz",
      "integrity": "sha1-LWGsyNG6uRlVKDWZ4dHhE3nXeBw=",
      "requires": {
        "download-file": "^0.1.3",
        "mkdirp": "^0.5.0"
      }
    },
    "minimist": {
      "version": "1.2.5",
      "resolved": "https://registry.npmjs.org/minimist/-/minimist-1.2.5.tgz",
      "integrity": "sha512-FM9nNUYrRBAELZQT3xeZQ7fmMOBg6nWNmJKTcgsJeaLstP/UODVpGsr5OhXhhXg6f+qtJ8uiZ+PUxkDWcgIXLw=="
    },
    "mkdirp": {
      "version": "0.5.5",
      "resolved": "https://registry.npmjs.org/mkdirp/-/mkdirp-0.5.5.tgz",
      "integrity": "sha512-NKmAlESf6jMGym1++R0Ra7wvhV+wFW63FaSOFPwRahvea0gMUcGUhVeAg/0BC0wiv9ih5NYPB1Wn1UEI1/L+xQ==",
      "requires": {
        "minimist": "^1.2.5"
      }
    },
    "pdf2json": {
      "version": "2.0.0",
      "resolved": "https://registry.npmjs.org/pdf2json/-/pdf2json-2.0.0.tgz",
      "integrity": "sha512-+FZy7GSvLOLc+zksg0SoMvXqIqcku5lBlEPuYJJkhMWB2x6yfthzEhhSbZc20UheClMPagH/+NXnMRbvQMQR1w==",
      "requires": {
        "@xmldom/xmldom": "^0.7.5"
      },
      "dependencies": {
        "@xmldom/xmldom": {
          "version": "0.7.5",
          "bundled": true
        }
      }
    },
    "readline-sync": {
      "version": "1.4.10",
      "resolved": "https://registry.npmjs.org/readline-sync/-/readline-sync-1.4.10.tgz",
      "integrity": "sha512-gNva8/6UAe8QYepIQH/jQ2qn91Qj0B9sYjMBBs3QOB8F2CXcKgLxQaJRP76sWVRQt+QU+8fAkCbCvjjMFu7Ycw=="
    },
    "zlib": {
      "version": "1.0.5",
      "resolved": "https://registry.npmjs.org/zlib/-/zlib-1.0.5.tgz",
      "integrity": "sha1-bnyXL8NxxkWmr7A6sUdp3vEU/MA="
    }
  }
}
